
Microsoft Visual Studio Solution File, Format Version 12.00
# Visual Studio Version 17
VisualStudioVersion = 17.7.34202.233
MinimumVisualStudioVersion = 10.0.40219.1
Project("{FAE04EC0-301F-11D3-BF4B-00C04F79EFBC}") = "KarayollariUzaklikHesaplamasi", "KarayollariUzaklikHesaplamasi\KarayollariUzaklikHesaplamasi.csproj", "{78E46CFD-BD3A-4322-9357-9CE7FAFE1BC9}"
EndProject
Global
	GlobalSection(SolutionConfigurationPlatforms) = preSolution
		Debug|Any CPU = Debug|Any CPU
		Release|Any CPU = Release|Any CPU
	EndGlobalSection
	GlobalSection(ProjectConfigurationPlatforms) = postSolution
		{78E46CFD-BD3A-4322-9357-9CE7FAFE1BC9}.Debug|Any CPU.ActiveCfg = Debug|Any CPU
		{78E46CFD-BD3A-4322-9357-9CE7FAFE1BC9}.Debug|Any CPU.Build.0 = Debug|Any CPU
		{78E46CFD-BD3A-4322-9357-9CE7FAFE1BC9}.Release|Any CPU.ActiveCfg = Release|Any CPU
		{78E46CFD-BD3A-4322-9357-9CE7FAFE1BC9}.Release|Any CPU.Build.0 = Release|Any CPU
	EndGlobalSection
	GlobalSection(SolutionProperties) = preSolution
		HideSolutionNode = FALSE
	EndGlobalSection
	GlobalSection(ExtensibilityGlobals) = postSolution
		SolutionGuid = {A0FFE346-A8A7-4B71-AB2C-79A9EF6DA179}
	EndGlobalSection
EndGlobal
